
Microsoft Visual Studio Solution File, Format Version 12.00
# Visual Studio Version 16
VisualStudioVersion = 16.0.31105.61
MinimumVisualStudioVersion = 10.0.40219.1
Project("{FAE04EC0-301F-11D3-BF4B-00C04F79EFBC}") = "EntityFramework_Core-.Net Core_Database_First_Approach", "EntityFramework_Core-.Net Core_Database_First_Approach.csproj", "{5A5C2C7E-5DC3-4081-AB49-2957D071FB54}"
EndProject
Global
	GlobalSection(SolutionConfigurationPlatforms) = preSolution
		Debug|Any CPU = Debug|Any CPU
		Release|Any CPU = Release|Any CPU
	EndGlobalSection
	GlobalSection(ProjectConfigurationPlatforms) = postSolution
		{5A5C2C7E-5DC3-4081-AB49-2957D071FB54}.Debug|Any CPU.ActiveCfg = Debug|Any CPU
		{5A5C2C7E-5DC3-4081-AB49-2957D071FB54}.Debug|Any CPU.Build.0 = Debug|Any CPU
		{5A5C2C7E-5DC3-4081-AB49-2957D071FB54}.Release|Any CPU.ActiveCfg = Release|Any CPU
		{5A5C2C7E-5DC3-4081-AB49-2957D071FB54}.Release|Any CPU.Build.0 = Release|Any CPU
	EndGlobalSection
	GlobalSection(SolutionProperties) = preSolution
		HideSolutionNode = FALSE
	EndGlobalSection
	GlobalSection(ExtensibilityGlobals) = postSolution
		SolutionGuid = {5A68C0C2-D4F5-4929-A687-08C0BC684700}
	EndGlobalSection
EndGlobal
